// !$*UTF8*$!
{
	archiveVersion = 1;
	classes = {
	};
	objectVersion = 46;
	objects = {

/* Begin PBXBuildFile section */
		A09A3B621C7CA34500017819 /* main.m in Sources */ = {isa = PBXBuildFile; fileRef = A09A3B611C7CA34500017819 /* main.m */; };
		A09A3B651C7CA34500017819 /* AppDelegate.m in Sources */ = {isa = PBXBuildFile; fileRef = A09A3B641C7CA34500017819 /* AppDelegate.m */; };
		A09A3B6B1C7CA34500017819 /* Main.storyboard in Resources */ = {isa = PBXBuildFile; fileRef = A09A3B691C7CA34500017819 /* Main.storyboard */; };
		A09A3B6D1C7CA34500017819 /* Assets.xcassets in Resources */ = {isa = PBXBuildFile; fileRef = A09A3B6C1C7CA34500017819 /* Assets.xcassets */; };
		A09A3B701C7CA34500017819 /* LaunchScreen.storyboard in Resources */ = {isa = PBXBuildFile; fileRef = A09A3B6E1C7CA34500017819 /* LaunchScreen.storyboard */; };
		A09A3B791C7CA3AA00017819 /* NoteListViewController.m in Sources */ = {isa = PBXBuildFile; fileRef = A09A3B781C7CA3AA00017819 /* NoteListViewController.m */; };
		A09A3B7C1C7CA3B600017819 /* NoteViewController.m in Sources */ = {isa = PBXBuildFile; fileRef = A09A3B7B1C7CA3B600017819 /* NoteViewController.m */; };
		A09A3B7F1C7CA3CA00017819 /* NoteTableViewCell.m in Sources */ = {isa = PBXBuildFile; fileRef = A09A3B7E1C7CA3CA00017819 /* NoteTableViewCell.m */; };
		A09A3B821C7CA3DD00017819 /* Note.m in Sources */ = {isa = PBXBuildFile; fileRef = A09A3B811C7CA3DD00017819 /* Note.m */; };
		A0C3ABD61C7D86D6003C4228 /* NoteModel.xcdatamodeld in Sources */ = {isa = PBXBuildFile; fileRef = A0C3ABD41C7D86D6003C4228 /* NoteModel.xcdatamodeld */; };
		A0C3ABD91C7D8D12003C4228 /* CoreDataHelper.m in Sources */ = {isa = PBXBuildFile; fileRef = A0C3ABD81C7D8D12003C4228 /* CoreDataHelper.m */; };
/* End PBXBuildFile section */

/* Begin PBXFileReference section */
		A03D414A1C8332B5000269B1 /* NoteModel2.xcdatamodel */ = {isa = PBXFileReference; lastKnownFileType = wrapper.xcdatamodel; path = NoteModel2.xcdatamodel; sourceTree = "<group>"; };
		A09A3B5D1C7CA34500017819 /* NotePractice.app */ = {isa = PBXFileReference; explicitFileType = wrapper.application; includeInIndex = 0; path = NotePractice.app; sourceTree = BUILT_PRODUCTS_DIR; };
		A09A3B611C7CA34500017819 /* main.m */ = {isa = PBXFileReference; lastKnownFileType = sourcecode.c.objc; path = main.m; sourceTree = "<group>"; };
		A09A3B631C7CA34500017819 /* AppDelegate.h */ = {isa = PBXFileReference; lastKnownFileType = sourcecode.c.h; path = AppDelegate.h; sourceTree = "<group>"; };
		A09A3B641C7CA34500017819 /* AppDelegate.m */ = {isa = PBXFileReference; lastKnownFileType = sourcecode.c.objc; path = AppDelegate.m; sourceTree = "<group>"; };
		A09A3B6A1C7CA34500017819 /* Base */ = {isa = PBXFileReference; lastKnownFileType = file.storyboard; name = Base; path = Base.lproj/Main.storyboard; sourceTree = "<group>"; };
		A09A3B6C1C7CA34500017819 /* Assets.xcassets */ = {isa = PBXFileReference; lastKnownFileType = folder.assetcatalog; path = Assets.xcassets; sourceTree = "<group>"; };
		A09A3B6F1C7CA34500017819 /* Base */ = {isa = PBXFileReference; lastKnownFileType = file.storyboard; name = Base; path = Base.lproj/LaunchScreen.storyboard; sourceTree = "<group>"; };
		A09A3B711C7CA34500017819 /* Info.plist */ = {isa = PBXFileReference; lastKnownFileType = text.plist.xml; path = Info.plist; sourceTree = "<group>"; };
		A09A3B771C7CA3AA00017819 /* NoteListViewController.h */ = {isa = PBXFileReference; fileEncoding = 4; lastKnownFileType = sourcecode.c.h; path = NoteListViewController.h; sourceTree = "<group>"; };
		A09A3B781C7CA3AA00017819 /* NoteListViewController.m */ = {isa = PBXFileReference; fileEncoding = 4; lastKnownFileType = sourcecode.c.objc; path = NoteListViewController.m; sourceTree = "<group>"; };
		A09A3B7A1C7CA3B600017819 /* NoteViewController.h */ = {isa = PBXFileReference; fileEncoding = 4; lastKnownFileType = sourcecode.c.h; path = NoteViewController.h; sourceTree = "<group>"; };
		A09A3B7B1C7CA3B600017819 /* NoteViewController.m */ = {isa = PBXFileReference; fileEncoding = 4; lastKnownFileType = sourcecode.c.objc; path = NoteViewController.m; sourceTree = "<group>"; };
		A09A3B7D1C7CA3CA00017819 /* NoteTableViewCell.h */ = {isa = PBXFileReference; fileEncoding = 4; lastKnownFileType = sourcecode.c.h; path = NoteTableViewCell.h; sourceTree = "<group>"; };
		A09A3B7E1C7CA3CA00017819 /* NoteTableViewCell.m */ = {isa = PBXFileReference; fileEncoding = 4; lastKnownFileType = sourcecode.c.objc; path = NoteTableViewCell.m; sourceTree = "<group>"; };
		A09A3B801C7CA3DD00017819 /* Note.h */ = {isa = PBXFileReference; fileEncoding = 4; lastKnownFileType = sourcecode.c.h; path = Note.h; sourceTree = "<group>"; };
		A09A3B811C7CA3DD00017819 /* Note.m */ = {isa = PBXFileReference; fileEncoding = 4; lastKnownFileType = sourcecode.c.objc; path = Note.m; sourceTree = "<group>"; };
		A0C3ABD51C7D86D6003C4228 /* NoteModel.xcdatamodel */ = {isa = PBXFileReference; lastKnownFileType = wrapper.xcdatamodel; path = NoteModel.xcdatamodel; sourceTree = "<group>"; };
		A0C3ABD71C7D8D12003C4228 /* CoreDataHelper.h */ = {isa = PBXFileReference; fileEncoding = 4; lastKnownFileType = sourcecode.c.h; path = CoreDataHelper.h; sourceTree = "<group>"; };
		A0C3ABD81C7D8D12003C4228 /* CoreDataHelper.m */ = {isa = PBXFileReference; fileEncoding = 4; lastKnownFileType = sourcecode.c.objc; path = CoreDataHelper.m; sourceTree = "<group>"; };
/* End PBXFileReference section */

/* Begin PBXFrameworksBuildPhase section */
		A09A3B5A1C7CA34500017819 /* Frameworks */ = {
			isa = PBXFrameworksBuildPhase;
			buildActionMask = 2147483647;
			files = (
			);
			runOnlyForDeploymentPostprocessing = 0;
		};
/* End PBXFrameworksBuildPhase section */

/* Begin PBXGroup section */
		A09A3B541C7CA34500017819 = {
			isa = PBXGroup;
			children = (
				A09A3B5F1C7CA34500017819 /* NotePractice */,
				A09A3B5E1C7CA34500017819 /* Products */,
			);
			sourceTree = "<group>";
		};
		A09A3B5E1C7CA34500017819 /* Products */ = {
			isa = PBXGroup;
			children = (
				A09A3B5D1C7CA34500017819 /* NotePractice.app */,
			);
			name = Products;
			sourceTree = "<group>";
		};
		A09A3B5F1C7CA34500017819 /* NotePractice */ = {
			isa = PBXGroup;
			children = (
				A09A3B631C7CA34500017819 /* AppDelegate.h */,
				A09A3B641C7CA34500017819 /* AppDelegate.m */,
				A09A3B691C7CA34500017819 /* Main.storyboard */,
				A09A3B771C7CA3AA00017819 /* NoteListViewController.h */,
				A09A3B781C7CA3AA00017819 /* NoteListViewController.m */,
				A09A3B7A1C7CA3B600017819 /* NoteViewController.h */,
				A09A3B7B1C7CA3B600017819 /* NoteViewController.m */,
				A09A3B7D1C7CA3CA00017819 /* NoteTableViewCell.h */,
				A09A3B7E1C7CA3CA00017819 /* NoteTableViewCell.m */,
				A09A3B801C7CA3DD00017819 /* Note.h */,
				A09A3B811C7CA3DD00017819 /* Note.m */,
				A0C3ABD71C7D8D12003C4228 /* CoreDataHelper.h */,
				A0C3ABD81C7D8D12003C4228 /* CoreDataHelper.m */,
				A09A3B6C1C7CA34500017819 /* Assets.xcassets */,
				A09A3B6E1C7CA34500017819 /* LaunchScreen.storyboard */,
				A09A3B711C7CA34500017819 /* Info.plist */,
				A09A3B601C7CA34500017819 /* Supporting Files */,
				A0C3ABD41C7D86D6003C4228 /* NoteModel.xcdatamodeld */,
			);
			path = NotePractice;
			sourceTree = "<group>";
		};
		A09A3B601C7CA34500017819 /* Supporting Files */ = {
			isa = PBXGroup;
			children = (
				A09A3B611C7CA34500017819 /* main.m */,
			);
			name = "Supporting Files";
			sourceTree = "<group>";
		};
/* End PBXGroup section */

/* Begin PBXNativeTarget section */
		A09A3B5C1C7CA34500017819 /* NotePractice */ = {
			isa = PBXNativeTarget;
			buildConfigurationList = A09A3B741C7CA34500017819 /* Build configuration list for PBXNativeTarget "NotePractice" */;
			buildPhases = (
				A09A3B591C7CA34500017819 /* Sources */,
				A09A3B5A1C7CA34500017819 /* Frameworks */,
				A09A3B5B1C7CA34500017819 /* Resources */,
			);
			buildRules = (
			);
			dependencies = (
			);
			name = NotePractice;
			productName = NotePractice;
			productReference = A09A3B5D1C7CA34500017819 /* NotePractice.app */;
			productType = "com.apple.product-type.application";
		};
/* End PBXNativeTarget section */

/* Begin PBXProject section */
		A09A3B551C7CA34500017819 /* Project object */ = {
			isa = PBXProject;
			attributes = {
				LastUpgradeCheck = 0720;
				ORGANIZATIONNAME = "Yuan-Ching Chen";
				TargetAttributes = {
					A09A3B5C1C7CA34500017819 = {
						CreatedOnToolsVersion = 7.2.1;
						DevelopmentTeam = R67P95F22K;
					};
				};
			};
			buildConfigurationList = A09A3B581C7CA34500017819 /* Build configuration list for PBXProject "NotePractice" */;
			compatibilityVersion = "Xcode 3.2";
			developmentRegion = English;
			hasScannedForEncodings = 0;
			knownRegions = (
				en,
				Base,
			);
			mainGroup = A09A3B541C7CA34500017819;
			productRefGroup = A09A3B5E1C7CA34500017819 /* Products */;
			projectDirPath = "";
			projectRoot = "";
			targets = (
				A09A3B5C1C7CA34500017819 /* NotePractice */,
			);
		};
/* End PBXProject section */

/* Begin PBXResourcesBuildPhase section */
		A09A3B5B1C7CA34500017819 /* Resources */ = {
			isa = PBXResourcesBuildPhase;
			buildActionMask = 2147483647;
			files = (
				A09A3B701C7CA34500017819 /* LaunchScreen.storyboard in Resources */,
				A09A3B6D1C7CA34500017819 /* Assets.xcassets in Resources */,
				A09A3B6B1C7CA34500017819 /* Main.storyboard in Resources */,
			);
			runOnlyForDeploymentPostprocessing = 0;
		};
/* End PBXResourcesBuildPhase section */

/* Begin PBXSourcesBuildPhase section */
		A09A3B591C7CA34500017819 /* Sources */ = {
			isa = PBXSourcesBuildPhase;
			buildActionMask = 2147483647;
			files = (
				A09A3B791C7CA3AA00017819 /* NoteListViewController.m in Sources */,
				A09A3B651C7CA34500017819 /* AppDelegate.m in Sources */,
				A0C3ABD61C7D86D6003C4228 /* NoteModel.xcdatamodeld in Sources */,
				A09A3B7F1C7CA3CA00017819 /* NoteTableViewCell.m in Sources */,
				A09A3B7C1C7CA3B600017819 /* NoteViewController.m in Sources */,
				A09A3B821C7CA3DD00017819 /* Note.m in Sources */,
				A0C3ABD91C7D8D12003C4228 /* CoreDataHelper.m in Sources */,
				A09A3B621C7CA34500017819 /* main.m in Sources */,
			);
			runOnlyForDeploymentPostprocessing = 0;
		};
/* End PBXSourcesBuildPhase section */

/* Begin PBXVariantGroup section */
		A09A3B691C7CA34500017819 /* Main.storyboard */ = {
			isa = PBXVariantGroup;
			children = (
				A09A3B6A1C7CA34500017819 /* Base */,
			);
			name = Main.storyboard;
			sourceTree = "<group>";
		};
		A09A3B6E1C7CA34500017819 /* LaunchScreen.storyboard */ = {
			isa = PBXVariantGroup;
			children = (
				A09A3B6F1C7CA34500017819 /* Base */,
			);
			name = LaunchScreen.storyboard;
			sourceTree = "<group>";
		};
/* End PBXVariantGroup section */

/* Begin XCBuildConfiguration section */
		A09A3B721C7CA34500017819 /* Debug */ = {
			isa = XCBuildConfiguration;
			buildSettings = {
				ALWAYS_SEARCH_USER_PATHS = NO;
				CLANG_CXX_LANGUAGE_STANDARD = "gnu++0x";
				CLANG_CXX_LIBRARY = "libc++";
				CLANG_ENABLE_MODULES = YES;
				CLANG_ENABLE_OBJC_ARC = YES;
				CLANG_WARN_BOOL_CONVERSION = YES;
				CLANG_WARN_CONSTANT_CONVERSION = YES;
				CLANG_WARN_DIRECT_OBJC_ISA_USAGE = YES_ERROR;
				CLANG_WARN_EMPTY_BODY = YES;
				CLANG_WARN_ENUM_CONVERSION = YES;
				CLANG_WARN_INT_CONVERSION = YES;
				CLANG_WARN_OBJC_ROOT_CLASS = YES_ERROR;
				CLANG_WARN_UNREACHABLE_CODE = YES;
				CLANG_WARN__DUPLICATE_METHOD_MATCH = YES;
				"CODE_SIGN_IDENTITY[sdk=iphoneos*]" = "iPhone Developer";
				COPY_PHASE_STRIP = NO;
				DEBUG_INFORMATION_FORMAT = dwarf;
				ENABLE_STRICT_OBJC_MSGSEND = YES;
				ENABLE_TESTABILITY = YES;
				GCC_C_LANGUAGE_STANDARD = gnu99;
				GCC_DYNAMIC_NO_PIC = NO;
				GCC_NO_COMMON_BLOCKS = YES;
				GCC_OPTIMIZATION_LEVEL = 0;
				GCC_PREPROCESSOR_DEFINITIONS = (
					"DEBUG=1",
					"$(inherited)",
				);
				GCC_WARN_64_TO_32_BIT_CONVERSION = YES;
				GCC_WARN_ABOUT_RETURN_TYPE = YES_ERROR;
				GCC_WARN_UNDECLARED_SELECTOR = YES;
				GCC_WARN_UNINITIALIZED_AUTOS = YES_AGGRESSIVE;
				GCC_WARN_UNUSED_FUNCTION = YES;
				GCC_WARN_UNUSED_VARIABLE = YES;
				IPHONEOS_DEPLOYMENT_TARGET = 9.2;
				MTL_ENABLE_DEBUG_INFO = YES;
				ONLY_ACTIVE_ARCH = YES;
				SDKROOT = iphoneos;
			};
			name = Debug;
		};
		A09A3B731C7CA34500017819 /* Release */ = {
			isa = XCBuildConfiguration;
			buildSettings = {
				ALWAYS_SEARCH_USER_PATHS = NO;
				CLANG_CXX_LANGUAGE_STANDARD = "gnu++0x";
				CLANG_CXX_LIBRARY = "libc++";
				CLANG_ENABLE_MODULES = YES;
				CLANG_ENABLE_OBJC_ARC = YES;
				CLANG_WARN_BOOL_CONVERSION = YES;
				CLANG_WARN_CONSTANT_CONVERSION = YES;
				CLANG_WARN_DIRECT_OBJC_ISA_USAGE = YES_ERROR;
				CLANG_WARN_EMPTY_BODY = YES;
				CLANG_WARN_ENUM_CONVERSION = YES;
				CLANG_WARN_INT_CONVERSION = YES;
				CLANG_WARN_OBJC_ROOT_CLASS = YES_ERROR;
				CLANG_WARN_UNREACHABLE_CODE = YES;
				CLANG_WARN__DUPLICATE_METHOD_MATCH = YES;
				"CODE_SIGN_IDENTITY[sdk=iphoneos*]" = "iPhone Developer";
				COPY_PHASE_STRIP = NO;
				DEBUG_INFORMATION_FORMAT = "dwarf-with-dsym";
				ENABLE_NS_ASSERTIONS = NO;
				ENABLE_STRICT_OBJC_MSGSEND = YES;
				GCC_C_LANGUAGE_STANDARD = gnu99;
				GCC_NO_COMMON_BLOCKS = YES;
				GCC_WARN_64_TO_32_BIT_CONVERSION = YES;
				GCC_WARN_ABOUT_RETURN_TYPE = YES_ERROR;
				GCC_WARN_UNDECLARED_SELECTOR = YES;
				GCC_WARN_UNINITIALIZED_AUTOS = YES_AGGRESSIVE;
				GCC_WARN_UNUSED_FUNCTION = YES;
				GCC_WARN_UNUSED_VARIABLE = YES;
				IPHONEOS_DEPLOYMENT_TARGET = 9.2;
				MTL_ENABLE_DEBUG_INFO = NO;
				SDKROOT = iphoneos;
				VALIDATE_PRODUCT = YES;
			};
			name = Release;
		};
		A09A3B751C7CA34500017819 /* Debug */ = {
			isa = XCBuildConfiguration;
			buildSettings = {
				ASSETCATALOG_COMPILER_APPICON_NAME = AppIcon;
				CODE_SIGN_IDENTITY = "iPhone Developer";
				INFOPLIST_FILE = NotePractice/Info.plist;
				LD_RUNPATH_SEARCH_PATHS = "$(inherited) @executable_path/Frameworks";
				PRODUCT_BUNDLE_IDENTIFIER = "com.Yuan-ChingChen.NotePractice";
				PRODUCT_NAME = "$(TARGET_NAME)";
			};
			name = Debug;
		};
		A09A3B761C7CA34500017819 /* Release */ = {
			isa = XCBuildConfiguration;
			buildSettings = {
				ASSETCATALOG_COMPILER_APPICON_NAME = AppIcon;
				CODE_SIGN_IDENTITY = "iPhone Developer";
				INFOPLIST_FILE = NotePractice/Info.plist;
				LD_RUNPATH_SEARCH_PATHS = "$(inherited) @executable_path/Frameworks";
				PRODUCT_BUNDLE_IDENTIFIER = "com.Yuan-ChingChen.NotePractice";
				PRODUCT_NAME = "$(TARGET_NAME)";
			};
			name = Release;
		};
/* End XCBuildConfiguration section */

/* Begin XCConfigurationList section */
		A09A3B581C7CA34500017819 /* Build configuration list for PBXProject "NotePractice" */ = {
			isa = XCConfigurationList;
			buildConfigurations = (
				A09A3B721C7CA34500017819 /* Debug */,
				A09A3B731C7CA34500017819 /* Release */,
			);
			defaultConfigurationIsVisible = 0;
			defaultConfigurationName = Release;
		};
		A09A3B741C7CA34500017819 /* Build configuration list for PBXNativeTarget "NotePractice" */ = {
			isa = XCConfigurationList;
			buildConfigurations = (
				A09A3B751C7CA34500017819 /* Debug */,
				A09A3B761C7CA34500017819 /* Release */,
			);
			defaultConfigurationIsVisible = 0;
			defaultConfigurationName = Release;
		};
/* End XCConfigurationList section */

/* Begin XCVersionGroup section */
		A0C3ABD41C7D86D6003C4228 /* NoteModel.xcdatamodeld */ = {
			isa = XCVersionGroup;
			children = (
				A03D414A1C8332B5000269B1 /* NoteModel2.xcdatamodel */,
				A0C3ABD51C7D86D6003C4228 /* NoteModel.xcdatamodel */,
			);
			currentVersion = A0C3ABD51C7D86D6003C4228 /* NoteModel.xcdatamodel */;
			path = NoteModel.xcdatamodeld;
			sourceTree = "<group>";
			versionGroupType = wrapper.xcdatamodel;
		};
/* End XCVersionGroup section */
	};
	rootObject = A09A3B551C7CA34500017819 /* Project object */;
}
